
Microsoft Visual Studio Solution File, Format Version 12.00
# Visual Studio Version 16
VisualStudioVersion = 16.0.31321.278
MinimumVisualStudioVersion = 10.0.40219.1
Project("{FAE04EC0-301F-11D3-BF4B-00C04F79EFBC}") = "KolokwiumZ2", "KolokwiumZ2\KolokwiumZ2.csproj", "{DF37A184-8A3A-4A61-9554-F62C074AB664}"
EndProject
Project("{FAE04EC0-301F-11D3-BF4B-00C04F79EFBC}") = "KalkulatorUnitTest1", "KalkulatorUnitTest1\KalkulatorUnitTest1.csproj", "{75C8D5A9-78DB-4FE4-AF02-41A5E315BF6A}"
EndProject
Global
	GlobalSection(SolutionConfigurationPlatforms) = preSolution
		Debug|Any CPU = Debug|Any CPU
		Release|Any CPU = Release|Any CPU
	EndGlobalSection
	GlobalSection(ProjectConfigurationPlatforms) = postSolution
		{DF37A184-8A3A-4A61-9554-F62C074AB664}.Debug|Any CPU.ActiveCfg = Debug|Any CPU
		{DF37A184-8A3A-4A61-9554-F62C074AB664}.Debug|Any CPU.Build.0 = Debug|Any CPU
		{DF37A184-8A3A-4A61-9554-F62C074AB664}.Release|Any CPU.ActiveCfg = Release|Any CPU
		{DF37A184-8A3A-4A61-9554-F62C074AB664}.Release|Any CPU.Build.0 = Release|Any CPU
		{75C8D5A9-78DB-4FE4-AF02-41A5E315BF6A}.Debug|Any CPU.ActiveCfg = Debug|Any CPU
		{75C8D5A9-78DB-4FE4-AF02-41A5E315BF6A}.Debug|Any CPU.Build.0 = Debug|Any CPU
		{75C8D5A9-78DB-4FE4-AF02-41A5E315BF6A}.Release|Any CPU.ActiveCfg = Release|Any CPU
		{75C8D5A9-78DB-4FE4-AF02-41A5E315BF6A}.Release|Any CPU.Build.0 = Release|Any CPU
	EndGlobalSection
	GlobalSection(SolutionProperties) = preSolution
		HideSolutionNode = FALSE
	EndGlobalSection
	GlobalSection(ExtensibilityGlobals) = postSolution
		SolutionGuid = {5B7DF6ED-8B4A-4320-AAD7-1645557E983E}
	EndGlobalSection
EndGlobal
